
Microsoft Visual Studio Solution File, Format Version 12.00
# Visual Studio Version 17
VisualStudioVersion = 17.5.33516.290
MinimumVisualStudioVersion = 10.0.40219.1
Project("{9A19103F-16F7-4668-BE54-9A1E7A4F7556}") = "Model", "Model\Model.csproj", "{6618F309-05A2-48EA-8390-6D7D74C32799}"
EndProject
Project("{9A19103F-16F7-4668-BE54-9A1E7A4F7556}") = "Model.Tests", "Model.UnitTests\Model.Tests.csproj", "{B7FE1E31-A3B6-4A7E-A137-6CBE30127952}"
EndProject
Project("{9A19103F-16F7-4668-BE54-9A1E7A4F7556}") = "ViewModel", "ViewModel\ViewModel.csproj", "{ED4C7D62-A430-4D1D-AEB0-B1211C329FA5}"
EndProject
Project("{9A19103F-16F7-4668-BE54-9A1E7A4F7556}") = "View", "View\View.csproj", "{56048DAE-0B63-4211-9B27-EC70085B1907}"
EndProject
Project("{D954291E-2A0B-460D-934E-DC6B0785DB48}") = "Shared", "Shared\Shared.shproj", "{A96ED368-04FE-470B-AE91-E534ED9D57B0}"
EndProject
Project("{2150E333-8FDC-42A3-9474-1A3956D46DE8}") = "Solution Items", "Solution Items", "{07C9628C-82B9-4ED6-9C7C-25A26143AB62}"
	ProjectSection(SolutionItems) = preProject
		.gitignore = .gitignore
	EndProjectSection
EndProject
Project("{FAE04EC0-301F-11D3-BF4B-00C04F79EFBC}") = "Bootstrap", "Bootstrap\Bootstrap.csproj", "{4BFA0F4B-6917-48EA-8D66-31271D1EFA59}"
EndProject
Project("{C7167F0D-BC9F-4E6E-AFE1-012C56B48DB5}") = "WAP", "WAP\WAP.wapproj", "{E9395072-19A5-4104-94F0-969D4D43C8A5}"
EndProject
Project("{2150E333-8FDC-42A3-9474-1A3956D46DE8}") = "Deployment", "Deployment", "{02EA681E-C7D8-13C7-8484-4AC65E1B71E8}"
EndProject
Project("{FAE04EC0-301F-11D3-BF4B-00C04F79EFBC}") = "GitHubPages", "Deployment\GitHubPages\GitHubPages.csproj", "{79E43B57-1442-A34D-E5FF-E7887EC01BDD}"
EndProject
Project("{2150E333-8FDC-42A3-9474-1A3956D46DE8}") = "Application", "Application", "{31EF54BB-5F3E-42D2-ADF5-9D20C7114DF5}"
EndProject
Project("{2150E333-8FDC-42A3-9474-1A3956D46DE8}") = "Tests", "Tests", "{D1F919C3-31F2-468E-B695-EA58887D557D}"
EndProject
Project("{2150E333-8FDC-42A3-9474-1A3956D46DE8}") = "Packaging", "Packaging", "{E695D843-AFC4-4652-B79B-368A051E79BB}"
EndProject
Project("{FAE04EC0-301F-11D3-BF4B-00C04F79EFBC}") = "AzProxy", "Deployment\AzProxy\AzProxy.csproj", "{C9BE722C-EE67-44E9-9D09-68D72A2D1DB5}"
EndProject
Project("{FAE04EC0-301F-11D3-BF4B-00C04F79EFBC}") = "Sasgen", "Deployment\secureURL\Sasgen.csproj", "{F17BC08C-91D4-D71A-362B-AD71E5A6F0D7}"
EndProject
Global
	GlobalSection(SolutionConfigurationPlatforms) = preSolution
		Debug|ARM = Debug|ARM
		Debug|ARM64 = Debug|ARM64
		Debug|x64 = Debug|x64
		Debug|x86 = Debug|x86
		Release|ARM = Release|ARM
		Release|ARM64 = Release|ARM64
		Release|x64 = Release|x64
		Release|x86 = Release|x86
	EndGlobalSection
	GlobalSection(ProjectConfigurationPlatforms) = postSolution
		{6618F309-05A2-48EA-8390-6D7D74C32799}.Debug|ARM.ActiveCfg = Debug|ARM64
		{6618F309-05A2-48EA-8390-6D7D74C32799}.Debug|ARM.Build.0 = Debug|ARM64
		{6618F309-05A2-48EA-8390-6D7D74C32799}.Debug|ARM64.ActiveCfg = Debug|ARM64
		{6618F309-05A2-48EA-8390-6D7D74C32799}.Debug|ARM64.Build.0 = Debug|ARM64
		{6618F309-05A2-48EA-8390-6D7D74C32799}.Debug|x64.ActiveCfg = Debug|x64
		{6618F309-05A2-48EA-8390-6D7D74C32799}.Debug|x64.Build.0 = Debug|x64
		{6618F309-05A2-48EA-8390-6D7D74C32799}.Debug|x86.ActiveCfg = Debug|x86
		{6618F309-05A2-48EA-8390-6D7D74C32799}.Debug|x86.Build.0 = Debug|x86
		{6618F309-05A2-48EA-8390-6D7D74C32799}.Release|ARM.ActiveCfg = Release|ARM64
		{6618F309-05A2-48EA-8390-6D7D74C32799}.Release|ARM.Build.0 = Release|ARM64
		{6618F309-05A2-48EA-8390-6D7D74C32799}.Release|ARM64.ActiveCfg = Release|ARM64
		{6618F309-05A2-48EA-8390-6D7D74C32799}.Release|ARM64.Build.0 = Release|ARM64
		{6618F309-05A2-48EA-8390-6D7D74C32799}.Release|x64.ActiveCfg = Release|x64
		{6618F309-05A2-48EA-8390-6D7D74C32799}.Release|x64.Build.0 = Release|x64
		{6618F309-05A2-48EA-8390-6D7D74C32799}.Release|x86.ActiveCfg = Release|x64
		{B7FE1E31-A3B6-4A7E-A137-6CBE30127952}.Debug|ARM.ActiveCfg = Debug|x64
		{B7FE1E31-A3B6-4A7E-A137-6CBE30127952}.Debug|ARM64.ActiveCfg = Debug|Any CPU
		{B7FE1E31-A3B6-4A7E-A137-6CBE30127952}.Debug|x64.ActiveCfg = Debug|Any CPU
		{B7FE1E31-A3B6-4A7E-A137-6CBE30127952}.Debug|x64.Build.0 = Debug|Any CPU
		{B7FE1E31-A3B6-4A7E-A137-6CBE30127952}.Debug|x86.ActiveCfg = Debug|Any CPU
		{B7FE1E31-A3B6-4A7E-A137-6CBE30127952}.Debug|x86.Build.0 = Debug|Any CPU
		{B7FE1E31-A3B6-4A7E-A137-6CBE30127952}.Release|ARM.ActiveCfg = Release|Any CPU
		{B7FE1E31-A3B6-4A7E-A137-6CBE30127952}.Release|ARM64.ActiveCfg = Release|Any CPU
		{B7FE1E31-A3B6-4A7E-A137-6CBE30127952}.Release|x64.ActiveCfg = Release|x64
		{B7FE1E31-A3B6-4A7E-A137-6CBE30127952}.Release|x86.ActiveCfg = Release|x64
		{ED4C7D62-A430-4D1D-AEB0-B1211C329FA5}.Debug|ARM.ActiveCfg = Debug|ARM64
		{ED4C7D62-A430-4D1D-AEB0-B1211C329FA5}.Debug|ARM.Build.0 = Debug|ARM64
		{ED4C7D62-A430-4D1D-AEB0-B1211C329FA5}.Debug|ARM64.ActiveCfg = Debug|ARM64
		{ED4C7D62-A430-4D1D-AEB0-B1211C329FA5}.Debug|ARM64.Build.0 = Debug|ARM64
		{ED4C7D62-A430-4D1D-AEB0-B1211C329FA5}.Debug|x64.ActiveCfg = Debug|x64
		{ED4C7D62-A430-4D1D-AEB0-B1211C329FA5}.Debug|x64.Build.0 = Debug|x64
		{ED4C7D62-A430-4D1D-AEB0-B1211C329FA5}.Debug|x86.ActiveCfg = Debug|x86
		{ED4C7D62-A430-4D1D-AEB0-B1211C329FA5}.Debug|x86.Build.0 = Debug|x86
		{ED4C7D62-A430-4D1D-AEB0-B1211C329FA5}.Release|ARM.ActiveCfg = Release|ARM64
		{ED4C7D62-A430-4D1D-AEB0-B1211C329FA5}.Release|ARM.Build.0 = Release|ARM64
		{ED4C7D62-A430-4D1D-AEB0-B1211C329FA5}.Release|ARM64.ActiveCfg = Release|ARM64
		{ED4C7D62-A430-4D1D-AEB0-B1211C329FA5}.Release|ARM64.Build.0 = Release|ARM64
		{ED4C7D62-A430-4D1D-AEB0-B1211C329FA5}.Release|x64.ActiveCfg = Release|x64
		{ED4C7D62-A430-4D1D-AEB0-B1211C329FA5}.Release|x64.Build.0 = Release|x64
		{ED4C7D62-A430-4D1D-AEB0-B1211C329FA5}.Release|x86.ActiveCfg = Release|x64
		{56048DAE-0B63-4211-9B27-EC70085B1907}.Debug|ARM.ActiveCfg = Debug|ARM64
		{56048DAE-0B63-4211-9B27-EC70085B1907}.Debug|ARM.Build.0 = Debug|ARM64
		{56048DAE-0B63-4211-9B27-EC70085B1907}.Debug|ARM64.ActiveCfg = Debug|ARM64
		{56048DAE-0B63-4211-9B27-EC70085B1907}.Debug|ARM64.Build.0 = Debug|ARM64
		{56048DAE-0B63-4211-9B27-EC70085B1907}.Debug|x64.ActiveCfg = Debug|x64
		{56048DAE-0B63-4211-9B27-EC70085B1907}.Debug|x64.Build.0 = Debug|x64
		{56048DAE-0B63-4211-9B27-EC70085B1907}.Debug|x86.ActiveCfg = Debug|x86
		{56048DAE-0B63-4211-9B27-EC70085B1907}.Debug|x86.Build.0 = Debug|x86
		{56048DAE-0B63-4211-9B27-EC70085B1907}.Release|ARM.ActiveCfg = Release|ARM64
		{56048DAE-0B63-4211-9B27-EC70085B1907}.Release|ARM.Build.0 = Release|ARM64
		{56048DAE-0B63-4211-9B27-EC70085B1907}.Release|ARM64.ActiveCfg = Release|ARM64
		{56048DAE-0B63-4211-9B27-EC70085B1907}.Release|ARM64.Build.0 = Release|ARM64
		{56048DAE-0B63-4211-9B27-EC70085B1907}.Release|x64.ActiveCfg = Release|x64
		{56048DAE-0B63-4211-9B27-EC70085B1907}.Release|x64.Build.0 = Release|x64
		{56048DAE-0B63-4211-9B27-EC70085B1907}.Release|x86.ActiveCfg = Release|x64
		{4BFA0F4B-6917-48EA-8D66-31271D1EFA59}.Debug|ARM.ActiveCfg = Debug|ARM64
		{4BFA0F4B-6917-48EA-8D66-31271D1EFA59}.Debug|ARM.Build.0 = Debug|ARM64
		{4BFA0F4B-6917-48EA-8D66-31271D1EFA59}.Debug|ARM64.ActiveCfg = Debug|ARM64
		{4BFA0F4B-6917-48EA-8D66-31271D1EFA59}.Debug|ARM64.Build.0 = Debug|ARM64
		{4BFA0F4B-6917-48EA-8D66-31271D1EFA59}.Debug|x64.ActiveCfg = Debug|x64
		{4BFA0F4B-6917-48EA-8D66-31271D1EFA59}.Debug|x64.Build.0 = Debug|x64
		{4BFA0F4B-6917-48EA-8D66-31271D1EFA59}.Debug|x86.ActiveCfg = Debug|x86
		{4BFA0F4B-6917-48EA-8D66-31271D1EFA59}.Debug|x86.Build.0 = Debug|x86
		{4BFA0F4B-6917-48EA-8D66-31271D1EFA59}.Release|ARM.ActiveCfg = Release|ARM64
		{4BFA0F4B-6917-48EA-8D66-31271D1EFA59}.Release|ARM.Build.0 = Release|ARM64
		{4BFA0F4B-6917-48EA-8D66-31271D1EFA59}.Release|ARM64.ActiveCfg = Release|ARM64
		{4BFA0F4B-6917-48EA-8D66-31271D1EFA59}.Release|ARM64.Build.0 = Release|ARM64
		{4BFA0F4B-6917-48EA-8D66-31271D1EFA59}.Release|x64.ActiveCfg = Release|x64
		{4BFA0F4B-6917-48EA-8D66-31271D1EFA59}.Release|x64.Build.0 = Release|x64
		{4BFA0F4B-6917-48EA-8D66-31271D1EFA59}.Release|x86.ActiveCfg = Release|x64
		{E9395072-19A5-4104-94F0-969D4D43C8A5}.Debug|ARM.ActiveCfg = Debug|ARM64
		{E9395072-19A5-4104-94F0-969D4D43C8A5}.Debug|ARM.Build.0 = Debug|ARM64
		{E9395072-19A5-4104-94F0-969D4D43C8A5}.Debug|ARM.Deploy.0 = Debug|ARM64
		{E9395072-19A5-4104-94F0-969D4D43C8A5}.Debug|ARM64.ActiveCfg = Debug|ARM64
		{E9395072-19A5-4104-94F0-969D4D43C8A5}.Debug|ARM64.Build.0 = Debug|ARM64
		{E9395072-19A5-4104-94F0-969D4D43C8A5}.Debug|ARM64.Deploy.0 = Debug|ARM64
		{E9395072-19A5-4104-94F0-969D4D43C8A5}.Debug|x64.ActiveCfg = Debug|x64
		{E9395072-19A5-4104-94F0-969D4D43C8A5}.Debug|x64.Build.0 = Debug|x64
		{E9395072-19A5-4104-94F0-969D4D43C8A5}.Debug|x64.Deploy.0 = Debug|x64
		{E9395072-19A5-4104-94F0-969D4D43C8A5}.Debug|x86.ActiveCfg = Debug|x86
		{E9395072-19A5-4104-94F0-969D4D43C8A5}.Debug|x86.Build.0 = Debug|x86
		{E9395072-19A5-4104-94F0-969D4D43C8A5}.Debug|x86.Deploy.0 = Debug|x86
		{E9395072-19A5-4104-94F0-969D4D43C8A5}.Release|ARM.ActiveCfg = Release|ARM
		{E9395072-19A5-4104-94F0-969D4D43C8A5}.Release|ARM.Build.0 = Release|ARM
		{E9395072-19A5-4104-94F0-969D4D43C8A5}.Release|ARM.Deploy.0 = Release|ARM
		{E9395072-19A5-4104-94F0-969D4D43C8A5}.Release|ARM64.ActiveCfg = Release|ARM64
		{E9395072-19A5-4104-94F0-969D4D43C8A5}.Release|ARM64.Build.0 = Release|ARM64
		{E9395072-19A5-4104-94F0-969D4D43C8A5}.Release|ARM64.Deploy.0 = Release|ARM64
		{E9395072-19A5-4104-94F0-969D4D43C8A5}.Release|x64.ActiveCfg = Release|x64
		{E9395072-19A5-4104-94F0-969D4D43C8A5}.Release|x64.Build.0 = Release|x64
		{E9395072-19A5-4104-94F0-969D4D43C8A5}.Release|x64.Deploy.0 = Release|x64
		{E9395072-19A5-4104-94F0-969D4D43C8A5}.Release|x86.ActiveCfg = Release|x86
		{79E43B57-1442-A34D-E5FF-E7887EC01BDD}.Debug|ARM.ActiveCfg = Debug|Any CPU
		{79E43B57-1442-A34D-E5FF-E7887EC01BDD}.Debug|ARM64.ActiveCfg = Debug|Any CPU
		{79E43B57-1442-A34D-E5FF-E7887EC01BDD}.Debug|x64.ActiveCfg = Debug|Any CPU
		{79E43B57-1442-A34D-E5FF-E7887EC01BDD}.Debug|x64.Build.0 = Debug|Any CPU
		{79E43B57-1442-A34D-E5FF-E7887EC01BDD}.Debug|x86.ActiveCfg = Debug|Any CPU
		{79E43B57-1442-A34D-E5FF-E7887EC01BDD}.Debug|x86.Build.0 = Debug|Any CPU
		{79E43B57-1442-A34D-E5FF-E7887EC01BDD}.Release|ARM.ActiveCfg = Release|Any CPU
		{79E43B57-1442-A34D-E5FF-E7887EC01BDD}.Release|ARM64.ActiveCfg = Release|Any CPU
		{79E43B57-1442-A34D-E5FF-E7887EC01BDD}.Release|x64.ActiveCfg = Release|Any CPU
		{79E43B57-1442-A34D-E5FF-E7887EC01BDD}.Release|x86.ActiveCfg = Release|Any CPU
		{C9BE722C-EE67-44E9-9D09-68D72A2D1DB5}.Debug|ARM.ActiveCfg = Debug|Any CPU
		{C9BE722C-EE67-44E9-9D09-68D72A2D1DB5}.Debug|ARM64.ActiveCfg = Debug|Any CPU
		{C9BE722C-EE67-44E9-9D09-68D72A2D1DB5}.Debug|x64.ActiveCfg = Debug|Any CPU
		{C9BE722C-EE67-44E9-9D09-68D72A2D1DB5}.Debug|x64.Build.0 = Debug|Any CPU
		{C9BE722C-EE67-44E9-9D09-68D72A2D1DB5}.Debug|x86.ActiveCfg = Debug|Any CPU
		{C9BE722C-EE67-44E9-9D09-68D72A2D1DB5}.Debug|x86.Build.0 = Debug|Any CPU
		{C9BE722C-EE67-44E9-9D09-68D72A2D1DB5}.Release|ARM.ActiveCfg = Release|Any CPU
		{C9BE722C-EE67-44E9-9D09-68D72A2D1DB5}.Release|ARM64.ActiveCfg = Release|Any CPU
		{C9BE722C-EE67-44E9-9D09-68D72A2D1DB5}.Release|x64.ActiveCfg = Release|x86
		{C9BE722C-EE67-44E9-9D09-68D72A2D1DB5}.Release|x86.ActiveCfg = Release|x86
		{C9BE722C-EE67-44E9-9D09-68D72A2D1DB5}.Release|x86.Build.0 = Release|x86
		{F17BC08C-91D4-D71A-362B-AD71E5A6F0D7}.Debug|ARM.ActiveCfg = Debug|Any CPU
		{F17BC08C-91D4-D71A-362B-AD71E5A6F0D7}.Debug|ARM64.ActiveCfg = Debug|Any CPU
		{F17BC08C-91D4-D71A-362B-AD71E5A6F0D7}.Debug|x64.ActiveCfg = Debug|Any CPU
		{F17BC08C-91D4-D71A-362B-AD71E5A6F0D7}.Debug|x64.Build.0 = Debug|Any CPU
		{F17BC08C-91D4-D71A-362B-AD71E5A6F0D7}.Debug|x86.ActiveCfg = Debug|Any CPU
		{F17BC08C-91D4-D71A-362B-AD71E5A6F0D7}.Debug|x86.Build.0 = Debug|Any CPU
		{F17BC08C-91D4-D71A-362B-AD71E5A6F0D7}.Release|ARM.ActiveCfg = Release|Any CPU
		{F17BC08C-91D4-D71A-362B-AD71E5A6F0D7}.Release|ARM64.ActiveCfg = Release|Any CPU
		{F17BC08C-91D4-D71A-362B-AD71E5A6F0D7}.Release|x64.ActiveCfg = Release|Any CPU
		{F17BC08C-91D4-D71A-362B-AD71E5A6F0D7}.Release|x86.ActiveCfg = Release|Any CPU
		{F17BC08C-91D4-D71A-362B-AD71E5A6F0D7}.Release|x86.Build.0 = Release|Any CPU
	EndGlobalSection
	GlobalSection(SolutionProperties) = preSolution
		HideSolutionNode = FALSE
	EndGlobalSection
	GlobalSection(NestedProjects) = preSolution
		{6618F309-05A2-48EA-8390-6D7D74C32799} = {31EF54BB-5F3E-42D2-ADF5-9D20C7114DF5}
		{B7FE1E31-A3B6-4A7E-A137-6CBE30127952} = {D1F919C3-31F2-468E-B695-EA58887D557D}
		{ED4C7D62-A430-4D1D-AEB0-B1211C329FA5} = {31EF54BB-5F3E-42D2-ADF5-9D20C7114DF5}
		{56048DAE-0B63-4211-9B27-EC70085B1907} = {31EF54BB-5F3E-42D2-ADF5-9D20C7114DF5}
		{A96ED368-04FE-470B-AE91-E534ED9D57B0} = {31EF54BB-5F3E-42D2-ADF5-9D20C7114DF5}
		{4BFA0F4B-6917-48EA-8D66-31271D1EFA59} = {31EF54BB-5F3E-42D2-ADF5-9D20C7114DF5}
		{E9395072-19A5-4104-94F0-969D4D43C8A5} = {E695D843-AFC4-4652-B79B-368A051E79BB}
		{79E43B57-1442-A34D-E5FF-E7887EC01BDD} = {02EA681E-C7D8-13C7-8484-4AC65E1B71E8}
		{D1F919C3-31F2-468E-B695-EA58887D557D} = {31EF54BB-5F3E-42D2-ADF5-9D20C7114DF5}
		{E695D843-AFC4-4652-B79B-368A051E79BB} = {31EF54BB-5F3E-42D2-ADF5-9D20C7114DF5}
		{C9BE722C-EE67-44E9-9D09-68D72A2D1DB5} = {02EA681E-C7D8-13C7-8484-4AC65E1B71E8}
		{F17BC08C-91D4-D71A-362B-AD71E5A6F0D7} = {02EA681E-C7D8-13C7-8484-4AC65E1B71E8}
	EndGlobalSection
	GlobalSection(ExtensibilityGlobals) = postSolution
		SolutionGuid = {B68E4C7A-C22B-4FAC-A68E-96A570F5462F}
	EndGlobalSection
	GlobalSection(SharedMSBuildProjectFiles) = preSolution
		Shared\Shared.projitems*{6618f309-05a2-48ea-8390-6d7d74c32799}*SharedItemsImports = 5
		Shared\Shared.projitems*{a96ed368-04fe-470b-ae91-e534ed9d57b0}*SharedItemsImports = 13
	EndGlobalSection
EndGlobal
